
Microsoft Visual Studio Solution File, Format Version 12.00
# Visual Studio Version 17
VisualStudioVersion = 17.8.34330.188
MinimumVisualStudioVersion = 10.0.40219.1
Project("{FAE04EC0-301F-11D3-BF4B-00C04F79EFBC}") = "WebApplication1", "WebApplication1\WebApplication1.csproj", "{E567383F-14A8-4348-A52E-108E951188BC}"
EndProject
Global
	GlobalSection(SolutionConfigurationPlatforms) = preSolution
		Debug|Any CPU = Debug|Any CPU
		Release|Any CPU = Release|Any CPU
	EndGlobalSection
	GlobalSection(ProjectConfigurationPlatforms) = postSolution
		{E567383F-14A8-4348-A52E-108E951188BC}.Debug|Any CPU.ActiveCfg = Debug|Any CPU
		{E567383F-14A8-4348-A52E-108E951188BC}.Debug|Any CPU.Build.0 = Debug|Any CPU
		{E567383F-14A8-4348-A52E-108E951188BC}.Release|Any CPU.ActiveCfg = Release|Any CPU
		{E567383F-14A8-4348-A52E-108E951188BC}.Release|Any CPU.Build.0 = Release|Any CPU
	EndGlobalSection
	GlobalSection(SolutionProperties) = preSolution
		HideSolutionNode = FALSE
	EndGlobalSection
	GlobalSection(ExtensibilityGlobals) = postSolution
		SolutionGuid = {21C70E48-1725-48BC-B015-434B478F7A6B}
	EndGlobalSection
EndGlobal
